
Microsoft Visual Studio Solution File, Format Version 12.00
# Visual Studio Version 17
VisualStudioVersion = 17.14.36221.1 d17.14
MinimumVisualStudioVersion = 10.0.40219.1
Project("{FAE04EC0-301F-11D3-BF4B-00C04F79EFBC}") = "AuthAPI", "AuthAPI\AuthAPI.csproj", "{A5742142-E88D-46BA-B4CE-3ECF843B80DE}"
EndProject
Global
	GlobalSection(SolutionConfigurationPlatforms) = preSolution
		Debug|Any CPU = Debug|Any CPU
		Release|Any CPU = Release|Any CPU
	EndGlobalSection
	GlobalSection(ProjectConfigurationPlatforms) = postSolution
		{A5742142-E88D-46BA-B4CE-3ECF843B80DE}.Debug|Any CPU.ActiveCfg = Debug|Any CPU
		{A5742142-E88D-46BA-B4CE-3ECF843B80DE}.Debug|Any CPU.Build.0 = Debug|Any CPU
		{A5742142-E88D-46BA-B4CE-3ECF843B80DE}.Release|Any CPU.ActiveCfg = Release|Any CPU
		{A5742142-E88D-46BA-B4CE-3ECF843B80DE}.Release|Any CPU.Build.0 = Release|Any CPU
	EndGlobalSection
	GlobalSection(SolutionProperties) = preSolution
		HideSolutionNode = FALSE
	EndGlobalSection
	GlobalSection(ExtensibilityGlobals) = postSolution
		SolutionGuid = {0C0C6A2E-BE9D-4B9D-A889-17EBEC6E2014}
	EndGlobalSection
EndGlobal
